// !$*UTF8*$!
{
	archiveVersion = 1;
	classes = {
	};
	objectVersion = 55;
	objects = {

/* Begin PBXBuildFile section */
		D020A40E282D33F2002D9725 /* AppDelegate.swift in Sources */ = {isa = PBXBuildFile; fileRef = D020A40D282D33F2002D9725 /* AppDelegate.swift */; };
		D020A412282D33F2002D9725 /* ViewController.swift in Sources */ = {isa = PBXBuildFile; fileRef = D020A411282D33F2002D9725 /* ViewController.swift */; };
		D020A415282D33F2002D9725 /* Main.storyboard in Resources */ = {isa = PBXBuildFile; fileRef = D020A413282D33F2002D9725 /* Main.storyboard */; };
		D020A417282D33F3002D9725 /* Assets.xcassets in Resources */ = {isa = PBXBuildFile; fileRef = D020A416282D33F3002D9725 /* Assets.xcassets */; };
		D020A41A282D33F3002D9725 /* LaunchScreen.storyboard in Resources */ = {isa = PBXBuildFile; fileRef = D020A418282D33F3002D9725 /* LaunchScreen.storyboard */; };
		D020A423282D4B4A002D9725 /* NotificationManager.swift in Sources */ = {isa = PBXBuildFile; fileRef = D020A422282D4B4A002D9725 /* NotificationManager.swift */; };
		D020A426282D4D10002D9725 /* Data.swift in Sources */ = {isa = PBXBuildFile; fileRef = D020A425282D4D10002D9725 /* Data.swift */; };
		D0EE75A3291A8781005D3094 /* WidgetKit.framework in Frameworks */ = {isa = PBXBuildFile; fileRef = D0EE75A2291A8781005D3094 /* WidgetKit.framework */; };
		D0EE75A5291A8781005D3094 /* SwiftUI.framework in Frameworks */ = {isa = PBXBuildFile; fileRef = D0EE75A4291A8781005D3094 /* SwiftUI.framework */; };
		D0EE75A8291A8781005D3094 /* NotificationLiveActivityBundle.swift in Sources */ = {isa = PBXBuildFile; fileRef = D0EE75A7291A8781005D3094 /* NotificationLiveActivityBundle.swift */; };
		D0EE75AA291A8781005D3094 /* NotificationLiveActivity.swift in Sources */ = {isa = PBXBuildFile; fileRef = D0EE75A9291A8781005D3094 /* NotificationLiveActivity.swift */; };
		D0EE75AE291A8782005D3094 /* Assets.xcassets in Resources */ = {isa = PBXBuildFile; fileRef = D0EE75AD291A8782005D3094 /* Assets.xcassets */; };
		D0EE75B2291A8782005D3094 /* NotificationLiveActivityExtension.appex in Embed Foundation Extensions */ = {isa = PBXBuildFile; fileRef = D0EE75A0291A8781005D3094 /* NotificationLiveActivityExtension.appex */; settings = {ATTRIBUTES = (RemoveHeadersOnCopy, ); }; };
		D0EE75B9291A8A7B005D3094 /* NotificationLiveActivityAttributes.swift in Sources */ = {isa = PBXBuildFile; fileRef = D0EE75B8291A8A7B005D3094 /* NotificationLiveActivityAttributes.swift */; };
		D0EE75BA291A8A7B005D3094 /* NotificationLiveActivityAttributes.swift in Sources */ = {isa = PBXBuildFile; fileRef = D0EE75B8291A8A7B005D3094 /* NotificationLiveActivityAttributes.swift */; };
		D0EE75BC291BC17F005D3094 /* BLE.swift in Sources */ = {isa = PBXBuildFile; fileRef = D0EE75BB291BC17F005D3094 /* BLE.swift */; };
		D0EE75BE291BC1A5005D3094 /* CBCentralManager.swift in Sources */ = {isa = PBXBuildFile; fileRef = D0EE75BD291BC1A5005D3094 /* CBCentralManager.swift */; };
/* End PBXBuildFile section */

/* Begin PBXContainerItemProxy section */
		D0EE75B0291A8782005D3094 /* PBXContainerItemProxy */ = {
			isa = PBXContainerItemProxy;
			containerPortal = D020A402282D33F2002D9725 /* Project object */;
			proxyType = 1;
			remoteGlobalIDString = D0EE759F291A8781005D3094;
			remoteInfo = NotificationLiveActivityExtension;
		};
/* End PBXContainerItemProxy section */

/* Begin PBXCopyFilesBuildPhase section */
		D0EE75B3291A8782005D3094 /* Embed Foundation Extensions */ = {
			isa = PBXCopyFilesBuildPhase;
			buildActionMask = 2147483647;
			dstPath = "";
			dstSubfolderSpec = 13;
			files = (
				D0EE75B2291A8782005D3094 /* NotificationLiveActivityExtension.appex in Embed Foundation Extensions */,
			);
			name = "Embed Foundation Extensions";
			runOnlyForDeploymentPostprocessing = 0;
		};
/* End PBXCopyFilesBuildPhase section */

/* Begin PBXFileReference section */
		D020A40A282D33F2002D9725 /* NotificationUpdateApp.app */ = {isa = PBXFileReference; explicitFileType = wrapper.application; includeInIndex = 0; path = NotificationUpdateApp.app; sourceTree = BUILT_PRODUCTS_DIR; };
		D020A40D282D33F2002D9725 /* AppDelegate.swift */ = {isa = PBXFileReference; lastKnownFileType = sourcecode.swift; path = AppDelegate.swift; sourceTree = "<group>"; };
		D020A411282D33F2002D9725 /* ViewController.swift */ = {isa = PBXFileReference; lastKnownFileType = sourcecode.swift; path = ViewController.swift; sourceTree = "<group>"; };
		D020A414282D33F2002D9725 /* Base */ = {isa = PBXFileReference; lastKnownFileType = file.storyboard; name = Base; path = Base.lproj/Main.storyboard; sourceTree = "<group>"; };
		D020A416282D33F3002D9725 /* Assets.xcassets */ = {isa = PBXFileReference; lastKnownFileType = folder.assetcatalog; path = Assets.xcassets; sourceTree = "<group>"; };
		D020A419282D33F3002D9725 /* Base */ = {isa = PBXFileReference; lastKnownFileType = file.storyboard; name = Base; path = Base.lproj/LaunchScreen.storyboard; sourceTree = "<group>"; };
		D020A41B282D33F3002D9725 /* Info.plist */ = {isa = PBXFileReference; lastKnownFileType = text.plist.xml; path = Info.plist; sourceTree = "<group>"; };
		D020A421282D343F002D9725 /* NotificationUpdateApp.entitlements */ = {isa = PBXFileReference; lastKnownFileType = text.plist.entitlements; path = NotificationUpdateApp.entitlements; sourceTree = "<group>"; };
		D020A422282D4B4A002D9725 /* NotificationManager.swift */ = {isa = PBXFileReference; lastKnownFileType = sourcecode.swift; path = NotificationManager.swift; sourceTree = "<group>"; };
		D020A425282D4D10002D9725 /* Data.swift */ = {isa = PBXFileReference; lastKnownFileType = sourcecode.swift; path = Data.swift; sourceTree = "<group>"; };
		D0EE75A0291A8781005D3094 /* NotificationLiveActivityExtension.appex */ = {isa = PBXFileReference; explicitFileType = "wrapper.app-extension"; includeInIndex = 0; path = NotificationLiveActivityExtension.appex; sourceTree = BUILT_PRODUCTS_DIR; };
		D0EE75A2291A8781005D3094 /* WidgetKit.framework */ = {isa = PBXFileReference; lastKnownFileType = wrapper.framework; name = WidgetKit.framework; path = System/Library/Frameworks/WidgetKit.framework; sourceTree = SDKROOT; };
		D0EE75A4291A8781005D3094 /* SwiftUI.framework */ = {isa = PBXFileReference; lastKnownFileType = wrapper.framework; name = SwiftUI.framework; path = System/Library/Frameworks/SwiftUI.framework; sourceTree = SDKROOT; };
		D0EE75A7291A8781005D3094 /* NotificationLiveActivityBundle.swift */ = {isa = PBXFileReference; lastKnownFileType = sourcecode.swift; path = NotificationLiveActivityBundle.swift; sourceTree = "<group>"; };
		D0EE75A9291A8781005D3094 /* NotificationLiveActivity.swift */ = {isa = PBXFileReference; lastKnownFileType = sourcecode.swift; path = NotificationLiveActivity.swift; sourceTree = "<group>"; };
		D0EE75AD291A8782005D3094 /* Assets.xcassets */ = {isa = PBXFileReference; lastKnownFileType = folder.assetcatalog; path = Assets.xcassets; sourceTree = "<group>"; };
		D0EE75AF291A8782005D3094 /* Info.plist */ = {isa = PBXFileReference; lastKnownFileType = text.plist.xml; path = Info.plist; sourceTree = "<group>"; };
		D0EE75B8291A8A7B005D3094 /* NotificationLiveActivityAttributes.swift */ = {isa = PBXFileReference; lastKnownFileType = sourcecode.swift; path = NotificationLiveActivityAttributes.swift; sourceTree = "<group>"; };
		D0EE75BB291BC17F005D3094 /* BLE.swift */ = {isa = PBXFileReference; lastKnownFileType = sourcecode.swift; path = BLE.swift; sourceTree = "<group>"; };
		D0EE75BD291BC1A5005D3094 /* CBCentralManager.swift */ = {isa = PBXFileReference; lastKnownFileType = sourcecode.swift; path = CBCentralManager.swift; sourceTree = "<group>"; };
/* End PBXFileReference section */

/* Begin PBXFrameworksBuildPhase section */
		D020A407282D33F2002D9725 /* Frameworks */ = {
			isa = PBXFrameworksBuildPhase;
			buildActionMask = 2147483647;
			files = (
			);
			runOnlyForDeploymentPostprocessing = 0;
		};
		D0EE759D291A8781005D3094 /* Frameworks */ = {
			isa = PBXFrameworksBuildPhase;
			buildActionMask = 2147483647;
			files = (
				D0EE75A5291A8781005D3094 /* SwiftUI.framework in Frameworks */,
				D0EE75A3291A8781005D3094 /* WidgetKit.framework in Frameworks */,
			);
			runOnlyForDeploymentPostprocessing = 0;
		};
/* End PBXFrameworksBuildPhase section */

/* Begin PBXGroup section */
		D020A401282D33F2002D9725 = {
			isa = PBXGroup;
			children = (
				D020A40C282D33F2002D9725 /* NotificationUpdateApp */,
				D0EE75A6291A8781005D3094 /* NotificationLiveActivity */,
				D0EE75A1291A8781005D3094 /* Frameworks */,
				D020A40B282D33F2002D9725 /* Products */,
			);
			sourceTree = "<group>";
		};
		D020A40B282D33F2002D9725 /* Products */ = {
			isa = PBXGroup;
			children = (
				D020A40A282D33F2002D9725 /* NotificationUpdateApp.app */,
				D0EE75A0291A8781005D3094 /* NotificationLiveActivityExtension.appex */,
			);
			name = Products;
			sourceTree = "<group>";
		};
		D020A40C282D33F2002D9725 /* NotificationUpdateApp */ = {
			isa = PBXGroup;
			children = (
				D020A421282D343F002D9725 /* NotificationUpdateApp.entitlements */,
				D020A40D282D33F2002D9725 /* AppDelegate.swift */,
				D020A411282D33F2002D9725 /* ViewController.swift */,
				D020A422282D4B4A002D9725 /* NotificationManager.swift */,
				D0EE75BB291BC17F005D3094 /* BLE.swift */,
				D020A424282D4D01002D9725 /* Extension */,
				D020A413282D33F2002D9725 /* Main.storyboard */,
				D020A416282D33F3002D9725 /* Assets.xcassets */,
				D020A418282D33F3002D9725 /* LaunchScreen.storyboard */,
				D020A41B282D33F3002D9725 /* Info.plist */,
			);
			path = NotificationUpdateApp;
			sourceTree = "<group>";
		};
		D020A424282D4D01002D9725 /* Extension */ = {
			isa = PBXGroup;
			children = (
				D020A425282D4D10002D9725 /* Data.swift */,
				D0EE75BD291BC1A5005D3094 /* CBCentralManager.swift */,
			);
			path = Extension;
			sourceTree = "<group>";
		};
		D0EE75A1291A8781005D3094 /* Frameworks */ = {
			isa = PBXGroup;
			children = (
				D0EE75A2291A8781005D3094 /* WidgetKit.framework */,
				D0EE75A4291A8781005D3094 /* SwiftUI.framework */,
			);
			name = Frameworks;
			sourceTree = "<group>";
		};
		D0EE75A6291A8781005D3094 /* NotificationLiveActivity */ = {
			isa = PBXGroup;
			children = (
				D0EE75A7291A8781005D3094 /* NotificationLiveActivityBundle.swift */,
				D0EE75B8291A8A7B005D3094 /* NotificationLiveActivityAttributes.swift */,
				D0EE75A9291A8781005D3094 /* NotificationLiveActivity.swift */,
				D0EE75AD291A8782005D3094 /* Assets.xcassets */,
				D0EE75AF291A8782005D3094 /* Info.plist */,
			);
			path = NotificationLiveActivity;
			sourceTree = "<group>";
		};
/* End PBXGroup section */

/* Begin PBXNativeTarget section */
		D020A409282D33F2002D9725 /* NotificationUpdateApp */ = {
			isa = PBXNativeTarget;
			buildConfigurationList = D020A41E282D33F3002D9725 /* Build configuration list for PBXNativeTarget "NotificationUpdateApp" */;
			buildPhases = (
				D020A406282D33F2002D9725 /* Sources */,
				D020A407282D33F2002D9725 /* Frameworks */,
				D020A408282D33F2002D9725 /* Resources */,
				D0EE75B3291A8782005D3094 /* Embed Foundation Extensions */,
			);
			buildRules = (
			);
			dependencies = (
				D0EE75B1291A8782005D3094 /* PBXTargetDependency */,
			);
			name = NotificationUpdateApp;
			productName = NotificationUpdateApp;
			productReference = D020A40A282D33F2002D9725 /* NotificationUpdateApp.app */;
			productType = "com.apple.product-type.application";
		};
		D0EE759F291A8781005D3094 /* NotificationLiveActivityExtension */ = {
			isa = PBXNativeTarget;
			buildConfigurationList = D0EE75B6291A8782005D3094 /* Build configuration list for PBXNativeTarget "NotificationLiveActivityExtension" */;
			buildPhases = (
				D0EE759C291A8781005D3094 /* Sources */,
				D0EE759D291A8781005D3094 /* Frameworks */,
				D0EE759E291A8781005D3094 /* Resources */,
			);
			buildRules = (
			);
			dependencies = (
			);
			name = NotificationLiveActivityExtension;
			productName = NotificationLiveActivityExtension;
			productReference = D0EE75A0291A8781005D3094 /* NotificationLiveActivityExtension.appex */;
			productType = "com.apple.product-type.app-extension";
		};
/* End PBXNativeTarget section */

/* Begin PBXProject section */
		D020A402282D33F2002D9725 /* Project object */ = {
			isa = PBXProject;
			attributes = {
				BuildIndependentTargetsInParallel = 1;
				LastSwiftUpdateCheck = 1410;
				LastUpgradeCheck = 1330;
				TargetAttributes = {
					D020A409282D33F2002D9725 = {
						CreatedOnToolsVersion = 13.3.1;
					};
					D0EE759F291A8781005D3094 = {
						CreatedOnToolsVersion = 14.1;
					};
				};
			};
			buildConfigurationList = D020A405282D33F2002D9725 /* Build configuration list for PBXProject "NotificationUpdateApp" */;
			compatibilityVersion = "Xcode 13.0";
			developmentRegion = en;
			hasScannedForEncodings = 0;
			knownRegions = (
				en,
				Base,
			);
			mainGroup = D020A401282D33F2002D9725;
			productRefGroup = D020A40B282D33F2002D9725 /* Products */;
			projectDirPath = "";
			projectRoot = "";
			targets = (
				D020A409282D33F2002D9725 /* NotificationUpdateApp */,
				D0EE759F291A8781005D3094 /* NotificationLiveActivityExtension */,
			);
		};
/* End PBXProject section */

/* Begin PBXResourcesBuildPhase section */
		D020A408282D33F2002D9725 /* Resources */ = {
			isa = PBXResourcesBuildPhase;
			buildActionMask = 2147483647;
			files = (
				D020A41A282D33F3002D9725 /* LaunchScreen.storyboard in Resources */,
				D020A417282D33F3002D9725 /* Assets.xcassets in Resources */,
				D020A415282D33F2002D9725 /* Main.storyboard in Resources */,
			);
			runOnlyForDeploymentPostprocessing = 0;
		};
		D0EE759E291A8781005D3094 /* Resources */ = {
			isa = PBXResourcesBuildPhase;
			buildActionMask = 2147483647;
			files = (
				D0EE75AE291A8782005D3094 /* Assets.xcassets in Resources */,
			);
			runOnlyForDeploymentPostprocessing = 0;
		};
/* End PBXResourcesBuildPhase section */

/* Begin PBXSourcesBuildPhase section */
		D020A406282D33F2002D9725 /* Sources */ = {
			isa = PBXSourcesBuildPhase;
			buildActionMask = 2147483647;
			files = (
				D020A423282D4B4A002D9725 /* NotificationManager.swift in Sources */,
				D0EE75BC291BC17F005D3094 /* BLE.swift in Sources */,
				D020A412282D33F2002D9725 /* ViewController.swift in Sources */,
				D020A40E282D33F2002D9725 /* AppDelegate.swift in Sources */,
				D020A426282D4D10002D9725 /* Data.swift in Sources */,
				D0EE75BE291BC1A5005D3094 /* CBCentralManager.swift in Sources */,
				D0EE75B9291A8A7B005D3094 /* NotificationLiveActivityAttributes.swift in Sources */,
			);
			runOnlyForDeploymentPostprocessing = 0;
		};
		D0EE759C291A8781005D3094 /* Sources */ = {
			isa = PBXSourcesBuildPhase;
			buildActionMask = 2147483647;
			files = (
				D0EE75AA291A8781005D3094 /* NotificationLiveActivity.swift in Sources */,
				D0EE75BA291A8A7B005D3094 /* NotificationLiveActivityAttributes.swift in Sources */,
				D0EE75A8291A8781005D3094 /* NotificationLiveActivityBundle.swift in Sources */,
			);
			runOnlyForDeploymentPostprocessing = 0;
		};
/* End PBXSourcesBuildPhase section */

/* Begin PBXTargetDependency section */
		D0EE75B1291A8782005D3094 /* PBXTargetDependency */ = {
			isa = PBXTargetDependency;
			target = D0EE759F291A8781005D3094 /* NotificationLiveActivityExtension */;
			targetProxy = D0EE75B0291A8782005D3094 /* PBXContainerItemProxy */;
		};
/* End PBXTargetDependency section */

/* Begin PBXVariantGroup section */
		D020A413282D33F2002D9725 /* Main.storyboard */ = {
			isa = PBXVariantGroup;
			children = (
				D020A414282D33F2002D9725 /* Base */,
			);
			name = Main.storyboard;
			sourceTree = "<group>";
		};
		D020A418282D33F3002D9725 /* LaunchScreen.storyboard */ = {
			isa = PBXVariantGroup;
			children = (
				D020A419282D33F3002D9725 /* Base */,
			);
			name = LaunchScreen.storyboard;
			sourceTree = "<group>";
		};
/* End PBXVariantGroup section */

/* Begin XCBuildConfiguration section */
		D020A41C282D33F3002D9725 /* Debug */ = {
			isa = XCBuildConfiguration;
			buildSettings = {
				ALWAYS_SEARCH_USER_PATHS = NO;
				CLANG_ANALYZER_NONNULL = YES;
				CLANG_ANALYZER_NUMBER_OBJECT_CONVERSION = YES_AGGRESSIVE;
				CLANG_CXX_LANGUAGE_STANDARD = "gnu++17";
				CLANG_ENABLE_MODULES = YES;
				CLANG_ENABLE_OBJC_ARC = YES;
				CLANG_ENABLE_OBJC_WEAK = YES;
				CLANG_WARN_BLOCK_CAPTURE_AUTORELEASING = YES;
				CLANG_WARN_BOOL_CONVERSION = YES;
				CLANG_WARN_COMMA = YES;
				CLANG_WARN_CONSTANT_CONVERSION = YES;
				CLANG_WARN_DEPRECATED_OBJC_IMPLEMENTATIONS = YES;
				CLANG_WARN_DIRECT_OBJC_ISA_USAGE = YES_ERROR;
				CLANG_WARN_DOCUMENTATION_COMMENTS = YES;
				CLANG_WARN_EMPTY_BODY = YES;
				CLANG_WARN_ENUM_CONVERSION = YES;
				CLANG_WARN_INFINITE_RECURSION = YES;
				CLANG_WARN_INT_CONVERSION = YES;
				CLANG_WARN_NON_LITERAL_NULL_CONVERSION = YES;
				CLANG_WARN_OBJC_IMPLICIT_RETAIN_SELF = YES;
				CLANG_WARN_OBJC_LITERAL_CONVERSION = YES;
				CLANG_WARN_OBJC_ROOT_CLASS = YES_ERROR;
				CLANG_WARN_QUOTED_INCLUDE_IN_FRAMEWORK_HEADER = YES;
				CLANG_WARN_RANGE_LOOP_ANALYSIS = YES;
				CLANG_WARN_STRICT_PROTOTYPES = YES;
				CLANG_WARN_SUSPICIOUS_MOVE = YES;
				CLANG_WARN_UNGUARDED_AVAILABILITY = YES_AGGRESSIVE;
				CLANG_WARN_UNREACHABLE_CODE = YES;
				CLANG_WARN__DUPLICATE_METHOD_MATCH = YES;
				COPY_PHASE_STRIP = NO;
				DEBUG_INFORMATION_FORMAT = dwarf;
				ENABLE_STRICT_OBJC_MSGSEND = YES;
				ENABLE_TESTABILITY = YES;
				GCC_C_LANGUAGE_STANDARD = gnu11;
				GCC_DYNAMIC_NO_PIC = NO;
				GCC_NO_COMMON_BLOCKS = YES;
				GCC_OPTIMIZATION_LEVEL = 0;
				GCC_PREPROCESSOR_DEFINITIONS = (
					"DEBUG=1",
					"$(inherited)",
				);
				GCC_WARN_64_TO_32_BIT_CONVERSION = YES;
				GCC_WARN_ABOUT_RETURN_TYPE = YES_ERROR;
				GCC_WARN_UNDECLARED_SELECTOR = YES;
				GCC_WARN_UNINITIALIZED_AUTOS = YES_AGGRESSIVE;
				GCC_WARN_UNUSED_FUNCTION = YES;
				GCC_WARN_UNUSED_VARIABLE = YES;
				IPHONEOS_DEPLOYMENT_TARGET = 13.0;
				MTL_ENABLE_DEBUG_INFO = INCLUDE_SOURCE;
				MTL_FAST_MATH = YES;
				ONLY_ACTIVE_ARCH = YES;
				SDKROOT = iphoneos;
				SWIFT_ACTIVE_COMPILATION_CONDITIONS = DEBUG;
				SWIFT_OPTIMIZATION_LEVEL = "-Onone";
			};
			name = Debug;
		};
		D020A41D282D33F3002D9725 /* Release */ = {
			isa = XCBuildConfiguration;
			buildSettings = {
				ALWAYS_SEARCH_USER_PATHS = NO;
				CLANG_ANALYZER_NONNULL = YES;
				CLANG_ANALYZER_NUMBER_OBJECT_CONVERSION = YES_AGGRESSIVE;
				CLANG_CXX_LANGUAGE_STANDARD = "gnu++17";
				CLANG_ENABLE_MODULES = YES;
				CLANG_ENABLE_OBJC_ARC = YES;
				CLANG_ENABLE_OBJC_WEAK = YES;
				CLANG_WARN_BLOCK_CAPTURE_AUTORELEASING = YES;
				CLANG_WARN_BOOL_CONVERSION = YES;
				CLANG_WARN_COMMA = YES;
				CLANG_WARN_CONSTANT_CONVERSION = YES;
				CLANG_WARN_DEPRECATED_OBJC_IMPLEMENTATIONS = YES;
				CLANG_WARN_DIRECT_OBJC_ISA_USAGE = YES_ERROR;
				CLANG_WARN_DOCUMENTATION_COMMENTS = YES;
				CLANG_WARN_EMPTY_BODY = YES;
				CLANG_WARN_ENUM_CONVERSION = YES;
				CLANG_WARN_INFINITE_RECURSION = YES;
				CLANG_WARN_INT_CONVERSION = YES;
				CLANG_WARN_NON_LITERAL_NULL_CONVERSION = YES;
				CLANG_WARN_OBJC_IMPLICIT_RETAIN_SELF = YES;
				CLANG_WARN_OBJC_LITERAL_CONVERSION = YES;
				CLANG_WARN_OBJC_ROOT_CLASS = YES_ERROR;
				CLANG_WARN_QUOTED_INCLUDE_IN_FRAMEWORK_HEADER = YES;
				CLANG_WARN_RANGE_LOOP_ANALYSIS = YES;
				CLANG_WARN_STRICT_PROTOTYPES = YES;
				CLANG_WARN_SUSPICIOUS_MOVE = YES;
				CLANG_WARN_UNGUARDED_AVAILABILITY = YES_AGGRESSIVE;
				CLANG_WARN_UNREACHABLE_CODE = YES;
				CLANG_WARN__DUPLICATE_METHOD_MATCH = YES;
				COPY_PHASE_STRIP = NO;
				DEBUG_INFORMATION_FORMAT = "dwarf-with-dsym";
				ENABLE_NS_ASSERTIONS = NO;
				ENABLE_STRICT_OBJC_MSGSEND = YES;
				GCC_C_LANGUAGE_STANDARD = gnu11;
				GCC_NO_COMMON_BLOCKS = YES;
				GCC_WARN_64_TO_32_BIT_CONVERSION = YES;
				GCC_WARN_ABOUT_RETURN_TYPE = YES_ERROR;
				GCC_WARN_UNDECLARED_SELECTOR = YES;
				GCC_WARN_UNINITIALIZED_AUTOS = YES_AGGRESSIVE;
				GCC_WARN_UNUSED_FUNCTION = YES;
				GCC_WARN_UNUSED_VARIABLE = YES;
				IPHONEOS_DEPLOYMENT_TARGET = 13.0;
				MTL_ENABLE_DEBUG_INFO = NO;
				MTL_FAST_MATH = YES;
				SDKROOT = iphoneos;
				SWIFT_COMPILATION_MODE = wholemodule;
				SWIFT_OPTIMIZATION_LEVEL = "-O";
				VALIDATE_PRODUCT = YES;
			};
			name = Release;
		};
		D020A41F282D33F3002D9725 /* Debug */ = {
			isa = XCBuildConfiguration;
			buildSettings = {
				ALWAYS_EMBED_SWIFT_STANDARD_LIBRARIES = YES;
				ASSETCATALOG_COMPILER_APPICON_NAME = AppIcon;
				ASSETCATALOG_COMPILER_GLOBAL_ACCENT_COLOR_NAME = AccentColor;
				CODE_SIGN_ENTITLEMENTS = NotificationUpdateApp/NotificationUpdateApp.entitlements;
				CODE_SIGN_STYLE = Automatic;
				CURRENT_PROJECT_VERSION = 1;
				DEVELOPMENT_TEAM = 46V775Z749;
				GENERATE_INFOPLIST_FILE = YES;
				INFOPLIST_FILE = NotificationUpdateApp/Info.plist;
				INFOPLIST_KEY_UIApplicationSupportsIndirectInputEvents = YES;
				INFOPLIST_KEY_UILaunchStoryboardName = LaunchScreen;
				INFOPLIST_KEY_UIMainStoryboardFile = Main;
				INFOPLIST_KEY_UISupportedInterfaceOrientations_iPad = "UIInterfaceOrientationPortrait UIInterfaceOrientationPortraitUpsideDown UIInterfaceOrientationLandscapeLeft UIInterfaceOrientationLandscapeRight";
				INFOPLIST_KEY_UISupportedInterfaceOrientations_iPhone = "UIInterfaceOrientationPortrait UIInterfaceOrientationLandscapeLeft UIInterfaceOrientationLandscapeRight";
				LD_RUNPATH_SEARCH_PATHS = (
					"$(inherited)",
					"@executable_path/Frameworks",
				);
				MARKETING_VERSION = 1.0;
				PRODUCT_BUNDLE_IDENTIFIER = com.experiwear.ios;
				PRODUCT_NAME = "$(TARGET_NAME)";
				SWIFT_EMIT_LOC_STRINGS = YES;
				SWIFT_VERSION = 5.0;
				TARGETED_DEVICE_FAMILY = "1,2";
			};
			name = Debug;
		};
		D020A420282D33F3002D9725 /* Release */ = {
			isa = XCBuildConfiguration;
			buildSettings = {
				ALWAYS_EMBED_SWIFT_STANDARD_LIBRARIES = YES;
				ASSETCATALOG_COMPILER_APPICON_NAME = AppIcon;
				ASSETCATALOG_COMPILER_GLOBAL_ACCENT_COLOR_NAME = AccentColor;
				CODE_SIGN_ENTITLEMENTS = NotificationUpdateApp/NotificationUpdateApp.entitlements;
				CODE_SIGN_STYLE = Automatic;
				CURRENT_PROJECT_VERSION = 1;
				DEVELOPMENT_TEAM = 46V775Z749;
				GENERATE_INFOPLIST_FILE = YES;
				INFOPLIST_FILE = NotificationUpdateApp/Info.plist;
				INFOPLIST_KEY_UIApplicationSupportsIndirectInputEvents = YES;
				INFOPLIST_KEY_UILaunchStoryboardName = LaunchScreen;
				INFOPLIST_KEY_UIMainStoryboardFile = Main;
				INFOPLIST_KEY_UISupportedInterfaceOrientations_iPad = "UIInterfaceOrientationPortrait UIInterfaceOrientationPortraitUpsideDown UIInterfaceOrientationLandscapeLeft UIInterfaceOrientationLandscapeRight";
				INFOPLIST_KEY_UISupportedInterfaceOrientations_iPhone = "UIInterfaceOrientationPortrait UIInterfaceOrientationLandscapeLeft UIInterfaceOrientationLandscapeRight";
				LD_RUNPATH_SEARCH_PATHS = (
					"$(inherited)",
					"@executable_path/Frameworks",
				);
				MARKETING_VERSION = 1.0;
				PRODUCT_BUNDLE_IDENTIFIER = com.experiwear.ios;
				PRODUCT_NAME = "$(TARGET_NAME)";
				SWIFT_EMIT_LOC_STRINGS = YES;
				SWIFT_VERSION = 5.0;
				TARGETED_DEVICE_FAMILY = "1,2";
			};
			name = Release;
		};
		D0EE75B4291A8782005D3094 /* Debug */ = {
			isa = XCBuildConfiguration;
			buildSettings = {
				ASSETCATALOG_COMPILER_GLOBAL_ACCENT_COLOR_NAME = AccentColor;
				ASSETCATALOG_COMPILER_WIDGET_BACKGROUND_COLOR_NAME = WidgetBackground;
				CLANG_CXX_LANGUAGE_STANDARD = "gnu++20";
				CODE_SIGN_STYLE = Automatic;
				CURRENT_PROJECT_VERSION = 1;
				DEVELOPMENT_TEAM = 46V775Z749;
				GENERATE_INFOPLIST_FILE = YES;
				INFOPLIST_FILE = NotificationLiveActivity/Info.plist;
				INFOPLIST_KEY_CFBundleDisplayName = NotificationLiveActivity;
				INFOPLIST_KEY_NSHumanReadableCopyright = "";
				IPHONEOS_DEPLOYMENT_TARGET = 16.1;
				LD_RUNPATH_SEARCH_PATHS = (
					"$(inherited)",
					"@executable_path/Frameworks",
					"@executable_path/../../Frameworks",
				);
				MARKETING_VERSION = 1.0;
				PRODUCT_BUNDLE_IDENTIFIER = com.experiwear.ios.NotificationLiveActivity;
				PRODUCT_NAME = "$(TARGET_NAME)";
				SKIP_INSTALL = YES;
				SWIFT_EMIT_LOC_STRINGS = YES;
				SWIFT_VERSION = 5.0;
				TARGETED_DEVICE_FAMILY = "1,2";
			};
			name = Debug;
		};
		D0EE75B5291A8782005D3094 /* Release */ = {
			isa = XCBuildConfiguration;
			buildSettings = {
				ASSETCATALOG_COMPILER_GLOBAL_ACCENT_COLOR_NAME = AccentColor;
				ASSETCATALOG_COMPILER_WIDGET_BACKGROUND_COLOR_NAME = WidgetBackground;
				CLANG_CXX_LANGUAGE_STANDARD = "gnu++20";
				CODE_SIGN_STYLE = Automatic;
				CURRENT_PROJECT_VERSION = 1;
				DEVELOPMENT_TEAM = 46V775Z749;
				GENERATE_INFOPLIST_FILE = YES;
				INFOPLIST_FILE = NotificationLiveActivity/Info.plist;
				INFOPLIST_KEY_CFBundleDisplayName = NotificationLiveActivity;
				INFOPLIST_KEY_NSHumanReadableCopyright = "";
				IPHONEOS_DEPLOYMENT_TARGET = 16.1;
				LD_RUNPATH_SEARCH_PATHS = (
					"$(inherited)",
					"@executable_path/Frameworks",
					"@executable_path/../../Frameworks",
				);
				MARKETING_VERSION = 1.0;
				PRODUCT_BUNDLE_IDENTIFIER = com.experiwear.ios.NotificationLiveActivity;
				PRODUCT_NAME = "$(TARGET_NAME)";
				SKIP_INSTALL = YES;
				SWIFT_EMIT_LOC_STRINGS = YES;
				SWIFT_VERSION = 5.0;
				TARGETED_DEVICE_FAMILY = "1,2";
			};
			name = Release;
		};
/* End XCBuildConfiguration section */

/* Begin XCConfigurationList section */
		D020A405282D33F2002D9725 /* Build configuration list for PBXProject "NotificationUpdateApp" */ = {
			isa = XCConfigurationList;
			buildConfigurations = (
				D020A41C282D33F3002D9725 /* Debug */,
				D020A41D282D33F3002D9725 /* Release */,
			);
			defaultConfigurationIsVisible = 0;
			defaultConfigurationName = Release;
		};
		D020A41E282D33F3002D9725 /* Build configuration list for PBXNativeTarget "NotificationUpdateApp" */ = {
			isa = XCConfigurationList;
			buildConfigurations = (
				D020A41F282D33F3002D9725 /* Debug */,
				D020A420282D33F3002D9725 /* Release */,
			);
			defaultConfigurationIsVisible = 0;
			defaultConfigurationName = Release;
		};
		D0EE75B6291A8782005D3094 /* Build configuration list for PBXNativeTarget "NotificationLiveActivityExtension" */ = {
			isa = XCConfigurationList;
			buildConfigurations = (
				D0EE75B4291A8782005D3094 /* Debug */,
				D0EE75B5291A8782005D3094 /* Release */,
			);
			defaultConfigurationIsVisible = 0;
			defaultConfigurationName = Release;
		};
/* End XCConfigurationList section */
	};
	rootObject = D020A402282D33F2002D9725 /* Project object */;
}
